github.com/garyburd/redigo v1.6.0 h1:0VruCpn7yAIIu7pWVClQC8wxCJEcG3nyzpMSHKi1PQc=
github.com/garyburd/redigo v1.6.0/go.mod h1:NR3MbYisc3/PwhQ00EMzDiPmrwpPxAn5GI05/YaO1SY=
github.com/gotk3/gotk3 v0.0.0-20181009192800-ac5a14d9e3ee h1:HYcoHcy+2YPznQwdGjly5GCVzQadCvstSnct8/UTvfY=
github.com/gotk3/gotk3 v0.0.0-20181009192800-ac5a14d9e3ee/go.mod h1:Eew3QBwAOBTrfFFDmsDE5wZWbcagBL1NUslj1GhRveo=
github.com/platinasystems/accumulate v0.0.0-20181019183040-63617d15f799 h1:HpgzjOFv5du0h9udWjDgx4t/4KszyyJByKAkIvjl4qw=
github.com/platinasystems/accumulate v0.0.0-20181019183040-63617d15f799/go.mod h1:lc7wpU1G++0lunURQyH853Y77bwWr0hXPiLLeaxjGIY=
github.com/platinasystems/accumulate v0.0.0-20181023225949-a31d1bb4da23 h1:foSG+wWkpvy1sSM8tl7ik9WkA/hIUdyDtCJ9K1+Fob0=
github.com/platinasystems/accumulate v0.0.0-20181023225949-a31d1bb4da23/go.mod h1:lc7wpU1G++0lunURQyH853Y77bwWr0hXPiLLeaxjGIY=
github.com/platinasystems/accumulate v1.1.0/go.mod h1:lc7wpU1G++0lunURQyH853Y77bwWr0hXPiLLeaxjGIY=
github.com/platinasystems/atsock v0.0.0-20181019220955-c4cc7ae24dbf h1:ChH/cr79NDkkmHtco+2TC3YT2aBUXV+Kf6SFjSRMycQ=
github.com/platinasystems/atsock v0.0.0-20181019220955-c4cc7ae24dbf/go.mod h1:1XAb4yaMVNH9PDa7Q4sZmDqHoHSrzUfnGImUuSMpx5U=
github.com/platinasystems/dbg v0.0.0-20181012183359-440db521da7f h1:OiGCDI3wT7DWE2JdDEZujcwbwS/ol6CuWL0tOdP9YPc=
github.com/platinasystems/dbg v0.0.0-20181012183359-440db521da7f/go.mod h1:sWVDySjmyMRdh9RgbbJORw6A+xIBdAmoqOXBarhswZY=
github.com/platinasystems/elib v0.0.0-20181019183743-6a633109d3b4 h1:GO+Wlo9ZeZUIeqooLYKpkeCN6bwXBq9Zp18JyUjXe0M=
github.com/platinasystems/elib v0.0.0-20181019183743-6a633109d3b4/go.mod h1:o+1OaDab+e40yVY8u+LcnmzCR2PZUv1VeEwgzEYkN54=
github.com/platinasystems/elib v0.0.0-20181020231933-abcd3eed9f75 h1:X+d/IwW1IzPjrrRP4IiMu8xWNPube4Zsa/BDqVivtBI=
github.com/platinasystems/elib v0.0.0-20181020231933-abcd3eed9f75/go.mod h1:o+1OaDab+e40yVY8u+LcnmzCR2PZUv1VeEwgzEYkN54=
github.com/platinasystems/elib v0.0.0-20181020233022-05b3cafd162e h1:u9wX32W3g2lbRsFYg0xDazkQlN5djlpp8MRlhvlO7is=
github.com/platinasystems/elib v0.0.0-20181020233022-05b3cafd162e/go.mod h1:XZy8etdf41RtMxmxEYArLL7T6QEJ5MPAIeHDqXtPCUU=
github.com/platinasystems/elib v0.0.0-20181023224324-0c263f08a50e h1:SmV217kMYg3YM+qjWVirWR4iFv8e3LZZSiV+fwAXgVQ=
github.com/platinasystems/elib v0.0.0-20181023224324-0c263f08a50e/go.mod h1:XZy8etdf41RtMxmxEYArLL7T6QEJ5MPAIeHDqXtPCUU=
github.com/platinasystems/elib v1.1.0 h1:r8z1a/Wi9SlTBo9lRWSbl9yV1n0YJ011godG7cbNNJI=
github.com/platinasystems/elib v1.1.0/go.mod h1:XZy8etdf41RtMxmxEYArLL7T6QEJ5MPAIeHDqXtPCUU=
github.com/platinasystems/i2c v0.0.0-20181019213407-8214913e67af h1:bHZ3RKuiaglPYzAqoGD2zheO9JIs4OA22CqdxZ6I/mQ=
github.com/platinasystems/i2c v0.0.0-20181019213407-8214913e67af/go.mod h1:Yj5hRxt+HXbW1rXv9aTtxUNZsegDjeWerUPY5BIjDVM=
github.com/platinasystems/indent v0.0.0-20181019183348-8fe1000261d8 h1:EA/MDmNgqkt1/N4MTnUtGroseplxfNIMilTc39dghCA=
github.com/platinasystems/indent v0.0.0-20181019183348-8fe1000261d8/go.mod h1:D3GIC7ZG6jwJtpdkiCq8/xcrP/NXInOFFr5rJPos4hA=
github.com/platinasystems/log v0.0.0-20181019191631-6c3b2ed28252 h1:nE1v/LGhdYJ3JbnQgfTcQm2PSqrcQB2J6W0Pm+GS4ag=
github.com/platinasystems/log v0.0.0-20181019191631-6c3b2ed28252/go.mod h1:5Wjp9vxMfkZGWz2Ep3ghzsfarcs9MMfiE2RzKwseyKQ=
github.com/platinasystems/redis v0.0.0-20181019221245-e5d0abe14605 h1:iTZG/CdHZ2h5/Hahg9RjK5a7uKNsPKQK05wdvfsKqYo=
github.com/platinasystems/redis v0.0.0-20181019221245-e5d0abe14605/go.mod h1:lyuhkHpfn6y21/nMn7H6pbBuPk1D8pflwsatn4OIl8M=
github.com/platinasystems/redis v0.0.0-20181022172723-f27f88455530 h1:/nL4q0DfP9RCMWDp6KXaxe4F5T40pz67eMmXOpsbCwM=
github.com/platinasystems/redis v0.0.0-20181022172723-f27f88455530/go.mod h1:lyuhkHpfn6y21/nMn7H6pbBuPk1D8pflwsatn4OIl8M=
github.com/platinasystems/redis v0.0.0-20181022194819-47dc1dbf4623 h1:i5BOdwsFo16Srld2T06G4G+zXngakusLxmpLHzomy1k=
github.com/platinasystems/redis v0.0.0-20181022194819-47dc1dbf4623/go.mod h1:lyuhkHpfn6y21/nMn7H6pbBuPk1D8pflwsatn4OIl8M=
github.com/platinasystems/xeth v0.0.0-20181010000040-d9ed5089fdd0 h1:Jo+BYZRIUfTP9tgElahzcTY8bNXVkxljDs1HXfpORYs=
github.com/platinasystems/xeth v0.0.0-20181010000040-d9ed5089fdd0/go.mod h1:MokUskjwMrKdnZ08SVlEh9dkQreCHtPPEMFA81kdahI=
gopkg.in/check.v1 v0.0.0-20161208181325-20d25e280405 h1:yhCVgyC4o1eVCa2tZl7eS0r+SDo693bJlVdllGtEeKM=
gopkg.in/check.v1 v0.0.0-20161208181325-20d25e280405/go.mod h1:Co6ibVJAznAaIkqp8huTwlJQCZ016jof/cbN4VW5Yz0=
gopkg.in/yaml.v2 v2.2.1 h1:mUhvW9EsL+naU5Q3cakzfE91YhliOondGd6ZrsDBHQE=
gopkg.in/yaml.v2 v2.2.1/go.mod h1:hI93XBmqTisBFMUTm0b8Fm+jr3Dg1NNxqwp+5A1VGuI=
